
Microsoft Visual Studio Solution File, Format Version 12.00
# Visual Studio 15
VisualStudioVersion = 15.0.26730.16
MinimumVisualStudioVersion = 10.0.40219.1
Project("{FAE04EC0-301F-11D3-BF4B-00C04F79EFBC}") = "toisto-6", "toisto-6\toisto-6.csproj", "{3E5141A9-5698-4D6D-B3F9-5EDC288E3D41}"
EndProject
Global
	GlobalSection(SolutionConfigurationPlatforms) = preSolution
		Debug|Any CPU = Debug|Any CPU
		Release|Any CPU = Release|Any CPU
	EndGlobalSection
	GlobalSection(ProjectConfigurationPlatforms) = postSolution
		{3E5141A9-5698-4D6D-B3F9-5EDC288E3D41}.Debug|Any CPU.ActiveCfg = Debug|Any CPU
		{3E5141A9-5698-4D6D-B3F9-5EDC288E3D41}.Debug|Any CPU.Build.0 = Debug|Any CPU
		{3E5141A9-5698-4D6D-B3F9-5EDC288E3D41}.Release|Any CPU.ActiveCfg = Release|Any CPU
		{3E5141A9-5698-4D6D-B3F9-5EDC288E3D41}.Release|Any CPU.Build.0 = Release|Any CPU
	EndGlobalSection
	GlobalSection(SolutionProperties) = preSolution
		HideSolutionNode = FALSE
	EndGlobalSection
	GlobalSection(ExtensibilityGlobals) = postSolution
		SolutionGuid = {C0FBF8A4-3908-40E7-B3DA-17850059CFF7}
	EndGlobalSection
EndGlobal
