
Microsoft Visual Studio Solution File, Format Version 12.00
# Visual Studio 15
VisualStudioVersion = 15.0.26730.16
MinimumVisualStudioVersion = 10.0.40219.1
Project("{FAE04EC0-301F-11D3-BF4B-00C04F79EFBC}") = "Ehtojasilmukka-3-oikea", "Ehtojasilmukka-3-oikea\Ehtojasilmukka-3-oikea.csproj", "{6855F12D-B884-40E3-98B5-569E0ECB3005}"
EndProject
Global
	GlobalSection(SolutionConfigurationPlatforms) = preSolution
		Debug|Any CPU = Debug|Any CPU
		Release|Any CPU = Release|Any CPU
	EndGlobalSection
	GlobalSection(ProjectConfigurationPlatforms) = postSolution
		{6855F12D-B884-40E3-98B5-569E0ECB3005}.Debug|Any CPU.ActiveCfg = Debug|Any CPU
		{6855F12D-B884-40E3-98B5-569E0ECB3005}.Debug|Any CPU.Build.0 = Debug|Any CPU
		{6855F12D-B884-40E3-98B5-569E0ECB3005}.Release|Any CPU.ActiveCfg = Release|Any CPU
		{6855F12D-B884-40E3-98B5-569E0ECB3005}.Release|Any CPU.Build.0 = Release|Any CPU
	EndGlobalSection
	GlobalSection(SolutionProperties) = preSolution
		HideSolutionNode = FALSE
	EndGlobalSection
	GlobalSection(ExtensibilityGlobals) = postSolution
		SolutionGuid = {70F0EFC3-D5B8-4A00-97BD-E3F947818D57}
	EndGlobalSection
EndGlobal
