
Microsoft Visual Studio Solution File, Format Version 12.00
# Visual Studio 15
VisualStudioVersion = 15.0.26730.16
MinimumVisualStudioVersion = 10.0.40219.1
Project("{FAE04EC0-301F-11D3-BF4B-00C04F79EFBC}") = "task-4", "task-4\task-4.csproj", "{CEEB20C5-5763-49D9-84E9-17AE2DF0A6EB}"
EndProject
Global
	GlobalSection(SolutionConfigurationPlatforms) = preSolution
		Debug|Any CPU = Debug|Any CPU
		Release|Any CPU = Release|Any CPU
	EndGlobalSection
	GlobalSection(ProjectConfigurationPlatforms) = postSolution
		{CEEB20C5-5763-49D9-84E9-17AE2DF0A6EB}.Debug|Any CPU.ActiveCfg = Debug|Any CPU
		{CEEB20C5-5763-49D9-84E9-17AE2DF0A6EB}.Debug|Any CPU.Build.0 = Debug|Any CPU
		{CEEB20C5-5763-49D9-84E9-17AE2DF0A6EB}.Release|Any CPU.ActiveCfg = Release|Any CPU
		{CEEB20C5-5763-49D9-84E9-17AE2DF0A6EB}.Release|Any CPU.Build.0 = Release|Any CPU
	EndGlobalSection
	GlobalSection(SolutionProperties) = preSolution
		HideSolutionNode = FALSE
	EndGlobalSection
	GlobalSection(ExtensibilityGlobals) = postSolution
		SolutionGuid = {DF1F4BFE-69E4-4590-91A5-0E6D13C67027}
	EndGlobalSection
EndGlobal
